
Microsoft Visual Studio Solution File, Format Version 12.00
# Visual Studio Version 16
VisualStudioVersion = 16.0.30413.136
MinimumVisualStudioVersion = 10.0.40219.1
Project("{FAE04EC0-301F-11D3-BF4B-00C04F79EFBC}") = "EmployeeManagementApp", "EmployeeManagementApp\EmployeeManagementApp.csproj", "{09E783FF-F182-4C66-8FB9-D453D4E62D5D}"
EndProject
Global
	GlobalSection(SolutionConfigurationPlatforms) = preSolution
		Debug|Any CPU = Debug|Any CPU
		Release|Any CPU = Release|Any CPU
	EndGlobalSection
	GlobalSection(ProjectConfigurationPlatforms) = postSolution
		{09E783FF-F182-4C66-8FB9-D453D4E62D5D}.Debug|Any CPU.ActiveCfg = Debug|Any CPU
		{09E783FF-F182-4C66-8FB9-D453D4E62D5D}.Debug|Any CPU.Build.0 = Debug|Any CPU
		{09E783FF-F182-4C66-8FB9-D453D4E62D5D}.Release|Any CPU.ActiveCfg = Release|Any CPU
		{09E783FF-F182-4C66-8FB9-D453D4E62D5D}.Release|Any CPU.Build.0 = Release|Any CPU
	EndGlobalSection
	GlobalSection(SolutionProperties) = preSolution
		HideSolutionNode = FALSE
	EndGlobalSection
	GlobalSection(ExtensibilityGlobals) = postSolution
		SolutionGuid = {00F3C485-F975-4220-82A7-64111D966292}
	EndGlobalSection
EndGlobal
